// !$*UTF8*$!
{
	archiveVersion = 1;
	classes = {
	};
	objectVersion = 46;
	objects = {

/* Begin PBXBuildFile section */
		9C6B3B221532024900CBB0E3 /* QuartzCore.framework in Frameworks */ = {isa = PBXBuildFile; fileRef = 9C6B3B211532024900CBB0E3 /* QuartzCore.framework */; };
		9CB6D94D1530B9B5008EA35E /* UIKit.framework in Frameworks */ = {isa = PBXBuildFile; fileRef = 9CB6D94C1530B9B5008EA35E /* UIKit.framework */; };
		9CB6D94F1530B9B5008EA35E /* Foundation.framework in Frameworks */ = {isa = PBXBuildFile; fileRef = 9CB6D94E1530B9B5008EA35E /* Foundation.framework */; };
		9CB6D9511530B9B5008EA35E /* CoreGraphics.framework in Frameworks */ = {isa = PBXBuildFile; fileRef = 9CB6D9501530B9B5008EA35E /* CoreGraphics.framework */; };
		9CB6D9571530B9B5008EA35E /* InfoPlist.strings in Resources */ = {isa = PBXBuildFile; fileRef = 9CB6D9551530B9B5008EA35E /* InfoPlist.strings */; };
		9CB6D9591530B9B5008EA35E /* main.m in Sources */ = {isa = PBXBuildFile; fileRef = 9CB6D9581530B9B5008EA35E /* main.m */; };
		9CB6D95D1530B9B5008EA35E /* AppDelegate.m in Sources */ = {isa = PBXBuildFile; fileRef = 9CB6D95C1530B9B5008EA35E /* AppDelegate.m */; };
		9CB6D9601530B9B5008EA35E /* ViewController.m in Sources */ = {isa = PBXBuildFile; fileRef = 9CB6D95F1530B9B5008EA35E /* ViewController.m */; };
		9CB6D9631530B9B5008EA35E /* ViewController.xib in Resources */ = {isa = PBXBuildFile; fileRef = 9CB6D9611530B9B5008EA35E /* ViewController.xib */; };
		9CB6D96D1530BA0D008EA35E /* RSlideView.m in Sources */ = {isa = PBXBuildFile; fileRef = 9CB6D96C1530BA0D008EA35E /* RSlideView.m */; };
		9CB6D9711530BD21008EA35E /* 1.jpg in Resources */ = {isa = PBXBuildFile; fileRef = 9CB6D96E1530BD21008EA35E /* 1.jpg */; };
		9CB6D9721530BD21008EA35E /* 2.jpg in Resources */ = {isa = PBXBuildFile; fileRef = 9CB6D96F1530BD21008EA35E /* 2.jpg */; };
		9CB6D9731530BD21008EA35E /* 0.jpg in Resources */ = {isa = PBXBuildFile; fileRef = 9CB6D9701530BD21008EA35E /* 0.jpg */; };
/* End PBXBuildFile section */

/* Begin PBXFileReference section */
		9C6B3B211532024900CBB0E3 /* QuartzCore.framework */ = {isa = PBXFileReference; lastKnownFileType = wrapper.framework; name = QuartzCore.framework; path = System/Library/Frameworks/QuartzCore.framework; sourceTree = SDKROOT; };
		9CB6D9481530B9B5008EA35E /* RSlideView.app */ = {isa = PBXFileReference; explicitFileType = wrapper.application; includeInIndex = 0; path = RSlideView.app; sourceTree = BUILT_PRODUCTS_DIR; };
		9CB6D94C1530B9B5008EA35E /* UIKit.framework */ = {isa = PBXFileReference; lastKnownFileType = wrapper.framework; name = UIKit.framework; path = System/Library/Frameworks/UIKit.framework; sourceTree = SDKROOT; };
		9CB6D94E1530B9B5008EA35E /* Foundation.framework */ = {isa = PBXFileReference; lastKnownFileType = wrapper.framework; name = Foundation.framework; path = System/Library/Frameworks/Foundation.framework; sourceTree = SDKROOT; };
		9CB6D9501530B9B5008EA35E /* CoreGraphics.framework */ = {isa = PBXFileReference; lastKnownFileType = wrapper.framework; name = CoreGraphics.framework; path = System/Library/Frameworks/CoreGraphics.framework; sourceTree = SDKROOT; };
		9CB6D9541530B9B5008EA35E /* RSlideView-Info.plist */ = {isa = PBXFileReference; lastKnownFileType = text.plist.xml; path = "RSlideView-Info.plist"; sourceTree = "<group>"; };
		9CB6D9561530B9B5008EA35E /* en */ = {isa = PBXFileReference; lastKnownFileType = text.plist.strings; name = en; path = en.lproj/InfoPlist.strings; sourceTree = "<group>"; };
		9CB6D9581530B9B5008EA35E /* main.m */ = {isa = PBXFileReference; lastKnownFileType = sourcecode.c.objc; path = main.m; sourceTree = "<group>"; };
		9CB6D95A1530B9B5008EA35E /* RSlideView-Prefix.pch */ = {isa = PBXFileReference; lastKnownFileType = sourcecode.c.h; path = "RSlideView-Prefix.pch"; sourceTree = "<group>"; };
		9CB6D95B1530B9B5008EA35E /* AppDelegate.h */ = {isa = PBXFileReference; lastKnownFileType = sourcecode.c.h; path = AppDelegate.h; sourceTree = "<group>"; };
		9CB6D95C1530B9B5008EA35E /* AppDelegate.m */ = {isa = PBXFileReference; lastKnownFileType = sourcecode.c.objc; path = AppDelegate.m; sourceTree = "<group>"; };
		9CB6D95E1530B9B5008EA35E /* ViewController.h */ = {isa = PBXFileReference; lastKnownFileType = sourcecode.c.h; path = ViewController.h; sourceTree = "<group>"; };
		9CB6D95F1530B9B5008EA35E /* ViewController.m */ = {isa = PBXFileReference; lastKnownFileType = sourcecode.c.objc; path = ViewController.m; sourceTree = "<group>"; };
		9CB6D9621530B9B5008EA35E /* en */ = {isa = PBXFileReference; lastKnownFileType = file.xib; name = en; path = en.lproj/ViewController.xib; sourceTree = "<group>"; };
		9CB6D96A1530BA0D008EA35E /* RSlideView+PrivateMethods.h */ = {isa = PBXFileReference; fileEncoding = 4; lastKnownFileType = sourcecode.c.h; path = "RSlideView+PrivateMethods.h"; sourceTree = "<group>"; };
		9CB6D96B1530BA0D008EA35E /* RSlideView.h */ = {isa = PBXFileReference; fileEncoding = 4; lastKnownFileType = sourcecode.c.h; path = RSlideView.h; sourceTree = "<group>"; };
		9CB6D96C1530BA0D008EA35E /* RSlideView.m */ = {isa = PBXFileReference; fileEncoding = 4; lastKnownFileType = sourcecode.c.objc; path = RSlideView.m; sourceTree = "<group>"; };
		9CB6D96E1530BD21008EA35E /* 1.jpg */ = {isa = PBXFileReference; lastKnownFileType = image.jpeg; path = 1.jpg; sourceTree = "<group>"; };
		9CB6D96F1530BD21008EA35E /* 2.jpg */ = {isa = PBXFileReference; lastKnownFileType = image.jpeg; path = 2.jpg; sourceTree = "<group>"; };
		9CB6D9701530BD21008EA35E /* 0.jpg */ = {isa = PBXFileReference; lastKnownFileType = image.jpeg; path = 0.jpg; sourceTree = "<group>"; };
/* End PBXFileReference section */

/* Begin PBXFrameworksBuildPhase section */
		9CB6D9451530B9B5008EA35E /* Frameworks */ = {
			isa = PBXFrameworksBuildPhase;
			buildActionMask = 2147483647;
			files = (
				9C6B3B221532024900CBB0E3 /* QuartzCore.framework in Frameworks */,
				9CB6D94D1530B9B5008EA35E /* UIKit.framework in Frameworks */,
				9CB6D94F1530B9B5008EA35E /* Foundation.framework in Frameworks */,
				9CB6D9511530B9B5008EA35E /* CoreGraphics.framework in Frameworks */,
			);
			runOnlyForDeploymentPostprocessing = 0;
		};
/* End PBXFrameworksBuildPhase section */

/* Begin PBXGroup section */
		9CB6D93D1530B9B5008EA35E = {
			isa = PBXGroup;
			children = (
				9CB6D9521530B9B5008EA35E /* RSlideView */,
				9CB6D94B1530B9B5008EA35E /* Frameworks */,
				9CB6D9491530B9B5008EA35E /* Products */,
			);
			sourceTree = "<group>";
		};
		9CB6D9491530B9B5008EA35E /* Products */ = {
			isa = PBXGroup;
			children = (
				9CB6D9481530B9B5008EA35E /* RSlideView.app */,
			);
			name = Products;
			sourceTree = "<group>";
		};
		9CB6D94B1530B9B5008EA35E /* Frameworks */ = {
			isa = PBXGroup;
			children = (
				9C6B3B211532024900CBB0E3 /* QuartzCore.framework */,
				9CB6D94C1530B9B5008EA35E /* UIKit.framework */,
				9CB6D94E1530B9B5008EA35E /* Foundation.framework */,
				9CB6D9501530B9B5008EA35E /* CoreGraphics.framework */,
			);
			name = Frameworks;
			sourceTree = "<group>";
		};
		9CB6D9521530B9B5008EA35E /* RSlideView */ = {
			isa = PBXGroup;
			children = (
				9CB6D9701530BD21008EA35E /* 0.jpg */,
				9CB6D96E1530BD21008EA35E /* 1.jpg */,
				9CB6D96F1530BD21008EA35E /* 2.jpg */,
				9CB6D95B1530B9B5008EA35E /* AppDelegate.h */,
				9CB6D95C1530B9B5008EA35E /* AppDelegate.m */,
				9CB6D9691530BA0D008EA35E /* RSlideView */,
				9CB6D9531530B9B5008EA35E /* Supporting Files */,
				9CB6D95E1530B9B5008EA35E /* ViewController.h */,
				9CB6D95F1530B9B5008EA35E /* ViewController.m */,
				9CB6D9611530B9B5008EA35E /* ViewController.xib */,
			);
			path = RSlideView;
			sourceTree = "<group>";
		};
		9CB6D9531530B9B5008EA35E /* Supporting Files */ = {
			isa = PBXGroup;
			children = (
				9CB6D9541530B9B5008EA35E /* RSlideView-Info.plist */,
				9CB6D9551530B9B5008EA35E /* InfoPlist.strings */,
				9CB6D9581530B9B5008EA35E /* main.m */,
				9CB6D95A1530B9B5008EA35E /* RSlideView-Prefix.pch */,
			);
			name = "Supporting Files";
			sourceTree = "<group>";
		};
		9CB6D9691530BA0D008EA35E /* RSlideView */ = {
			isa = PBXGroup;
			children = (
				9CB6D96A1530BA0D008EA35E /* RSlideView+PrivateMethods.h */,
				9CB6D96B1530BA0D008EA35E /* RSlideView.h */,
				9CB6D96C1530BA0D008EA35E /* RSlideView.m */,
			);
			path = RSlideView;
			sourceTree = "<group>";
		};
/* End PBXGroup section */

/* Begin PBXNativeTarget section */
		9CB6D9471530B9B5008EA35E /* RSlideView */ = {
			isa = PBXNativeTarget;
			buildConfigurationList = 9CB6D9661530B9B5008EA35E /* Build configuration list for PBXNativeTarget "RSlideView" */;
			buildPhases = (
				9CB6D9441530B9B5008EA35E /* Sources */,
				9CB6D9451530B9B5008EA35E /* Frameworks */,
				9CB6D9461530B9B5008EA35E /* Resources */,
			);
			buildRules = (
			);
			dependencies = (
			);
			name = RSlideView;
			productName = RSlideView;
			productReference = 9CB6D9481530B9B5008EA35E /* RSlideView.app */;
			productType = "com.apple.product-type.application";
		};
/* End PBXNativeTarget section */

/* Begin PBXProject section */
		9CB6D93F1530B9B5008EA35E /* Project object */ = {
			isa = PBXProject;
			attributes = {
				LastUpgradeCheck = 0420;
			};
			buildConfigurationList = 9CB6D9421530B9B5008EA35E /* Build configuration list for PBXProject "RSlideView" */;
			compatibilityVersion = "Xcode 3.2";
			developmentRegion = English;
			hasScannedForEncodings = 0;
			knownRegions = (
				en,
			);
			mainGroup = 9CB6D93D1530B9B5008EA35E;
			productRefGroup = 9CB6D9491530B9B5008EA35E /* Products */;
			projectDirPath = "";
			projectRoot = "";
			targets = (
				9CB6D9471530B9B5008EA35E /* RSlideView */,
			);
		};
/* End PBXProject section */

/* Begin PBXResourcesBuildPhase section */
		9CB6D9461530B9B5008EA35E /* Resources */ = {
			isa = PBXResourcesBuildPhase;
			buildActionMask = 2147483647;
			files = (
				9CB6D9571530B9B5008EA35E /* InfoPlist.strings in Resources */,
				9CB6D9631530B9B5008EA35E /* ViewController.xib in Resources */,
				9CB6D9711530BD21008EA35E /* 1.jpg in Resources */,
				9CB6D9721530BD21008EA35E /* 2.jpg in Resources */,
				9CB6D9731530BD21008EA35E /* 0.jpg in Resources */,
			);
			runOnlyForDeploymentPostprocessing = 0;
		};
/* End PBXResourcesBuildPhase section */

/* Begin PBXSourcesBuildPhase section */
		9CB6D9441530B9B5008EA35E /* Sources */ = {
			isa = PBXSourcesBuildPhase;
			buildActionMask = 2147483647;
			files = (
				9CB6D9591530B9B5008EA35E /* main.m in Sources */,
				9CB6D95D1530B9B5008EA35E /* AppDelegate.m in Sources */,
				9CB6D9601530B9B5008EA35E /* ViewController.m in Sources */,
				9CB6D96D1530BA0D008EA35E /* RSlideView.m in Sources */,
			);
			runOnlyForDeploymentPostprocessing = 0;
		};
/* End PBXSourcesBuildPhase section */

/* Begin PBXVariantGroup section */
		9CB6D9551530B9B5008EA35E /* InfoPlist.strings */ = {
			isa = PBXVariantGroup;
			children = (
				9CB6D9561530B9B5008EA35E /* en */,
			);
			name = InfoPlist.strings;
			sourceTree = "<group>";
		};
		9CB6D9611530B9B5008EA35E /* ViewController.xib */ = {
			isa = PBXVariantGroup;
			children = (
				9CB6D9621530B9B5008EA35E /* en */,
			);
			name = ViewController.xib;
			sourceTree = "<group>";
		};
/* End PBXVariantGroup section */

/* Begin XCBuildConfiguration section */
		9CB6D9641530B9B5008EA35E /* Debug */ = {
			isa = XCBuildConfiguration;
			buildSettings = {
				ALWAYS_SEARCH_USER_PATHS = NO;
				ARCHS = "$(ARCHS_STANDARD_32_BIT)";
				"CODE_SIGN_IDENTITY[sdk=iphoneos*]" = "iPhone Developer";
				COPY_PHASE_STRIP = NO;
				GCC_C_LANGUAGE_STANDARD = gnu99;
				GCC_DYNAMIC_NO_PIC = NO;
				GCC_OPTIMIZATION_LEVEL = 0;
				GCC_PREPROCESSOR_DEFINITIONS = (
					"DEBUG=1",
					"$(inherited)",
				);
				GCC_SYMBOLS_PRIVATE_EXTERN = NO;
				GCC_VERSION = com.apple.compilers.llvm.clang.1_0;
				GCC_WARN_ABOUT_MISSING_PROTOTYPES = YES;
				GCC_WARN_ABOUT_RETURN_TYPE = YES;
				GCC_WARN_UNUSED_VARIABLE = YES;
				IPHONEOS_DEPLOYMENT_TARGET = 5.0;
				SDKROOT = iphoneos;
			};
			name = Debug;
		};
		9CB6D9651530B9B5008EA35E /* Release */ = {
			isa = XCBuildConfiguration;
			buildSettings = {
				ALWAYS_SEARCH_USER_PATHS = NO;
				ARCHS = "$(ARCHS_STANDARD_32_BIT)";
				"CODE_SIGN_IDENTITY[sdk=iphoneos*]" = "iPhone Developer";
				COPY_PHASE_STRIP = YES;
				GCC_C_LANGUAGE_STANDARD = gnu99;
				GCC_VERSION = com.apple.compilers.llvm.clang.1_0;
				GCC_WARN_ABOUT_MISSING_PROTOTYPES = YES;
				GCC_WARN_ABOUT_RETURN_TYPE = YES;
				GCC_WARN_UNUSED_VARIABLE = YES;
				IPHONEOS_DEPLOYMENT_TARGET = 5.0;
				OTHER_CFLAGS = "-DNS_BLOCK_ASSERTIONS=1";
				SDKROOT = iphoneos;
				VALIDATE_PRODUCT = YES;
			};
			name = Release;
		};
		9CB6D9671530B9B5008EA35E /* Debug */ = {
			isa = XCBuildConfiguration;
			buildSettings = {
				GCC_PRECOMPILE_PREFIX_HEADER = YES;
				GCC_PREFIX_HEADER = "RSlideView/RSlideView-Prefix.pch";
				INFOPLIST_FILE = "RSlideView/RSlideView-Info.plist";
				PRODUCT_NAME = "$(TARGET_NAME)";
				WRAPPER_EXTENSION = app;
			};
			name = Debug;
		};
		9CB6D9681530B9B5008EA35E /* Release */ = {
			isa = XCBuildConfiguration;
			buildSettings = {
				GCC_PRECOMPILE_PREFIX_HEADER = YES;
				GCC_PREFIX_HEADER = "RSlideView/RSlideView-Prefix.pch";
				INFOPLIST_FILE = "RSlideView/RSlideView-Info.plist";
				PRODUCT_NAME = "$(TARGET_NAME)";
				WRAPPER_EXTENSION = app;
			};
			name = Release;
		};
/* End XCBuildConfiguration section */

/* Begin XCConfigurationList section */
		9CB6D9421530B9B5008EA35E /* Build configuration list for PBXProject "RSlideView" */ = {
			isa = XCConfigurationList;
			buildConfigurations = (
				9CB6D9641530B9B5008EA35E /* Debug */,
				9CB6D9651530B9B5008EA35E /* Release */,
			);
			defaultConfigurationIsVisible = 0;
			defaultConfigurationName = Release;
		};
		9CB6D9661530B9B5008EA35E /* Build configuration list for PBXNativeTarget "RSlideView" */ = {
			isa = XCConfigurationList;
			buildConfigurations = (
				9CB6D9671530B9B5008EA35E /* Debug */,
				9CB6D9681530B9B5008EA35E /* Release */,
			);
			defaultConfigurationIsVisible = 0;
			defaultConfigurationName = Release;
		};
/* End XCConfigurationList section */
	};
	rootObject = 9CB6D93F1530B9B5008EA35E /* Project object */;
}
